
Microsoft Visual Studio Solution File, Format Version 12.00
# Visual Studio Version 17
VisualStudioVersion = 17.9.34607.119
MinimumVisualStudioVersion = 10.0.40219.1
Project("{9A19103F-16F7-4668-BE54-9A1E7A4F7556}") = "calastone", "calastone\calastone.csproj", "{462AFAF3-2AB6-4431-AA0D-71D7D55A94F0}"
EndProject
Project("{9A19103F-16F7-4668-BE54-9A1E7A4F7556}") = "calastoneUnitTests", "calastoneUnitTests\calastoneUnitTests.csproj", "{271C2AA0-1C82-459B-BF61-DF5BE064CFC1}"
EndProject
Global
	GlobalSection(SolutionConfigurationPlatforms) = preSolution
		Debug|Any CPU = Debug|Any CPU
		Release|Any CPU = Release|Any CPU
	EndGlobalSection
	GlobalSection(ProjectConfigurationPlatforms) = postSolution
		{462AFAF3-2AB6-4431-AA0D-71D7D55A94F0}.Debug|Any CPU.ActiveCfg = Debug|Any CPU
		{462AFAF3-2AB6-4431-AA0D-71D7D55A94F0}.Debug|Any CPU.Build.0 = Debug|Any CPU
		{462AFAF3-2AB6-4431-AA0D-71D7D55A94F0}.Release|Any CPU.ActiveCfg = Release|Any CPU
		{462AFAF3-2AB6-4431-AA0D-71D7D55A94F0}.Release|Any CPU.Build.0 = Release|Any CPU
		{271C2AA0-1C82-459B-BF61-DF5BE064CFC1}.Debug|Any CPU.ActiveCfg = Debug|Any CPU
		{271C2AA0-1C82-459B-BF61-DF5BE064CFC1}.Debug|Any CPU.Build.0 = Debug|Any CPU
		{271C2AA0-1C82-459B-BF61-DF5BE064CFC1}.Release|Any CPU.ActiveCfg = Release|Any CPU
		{271C2AA0-1C82-459B-BF61-DF5BE064CFC1}.Release|Any CPU.Build.0 = Release|Any CPU
	EndGlobalSection
	GlobalSection(SolutionProperties) = preSolution
		HideSolutionNode = FALSE
	EndGlobalSection
	GlobalSection(ExtensibilityGlobals) = postSolution
		SolutionGuid = {88940360-78AF-4A69-A7BB-5523CB0DE406}
	EndGlobalSection
EndGlobal
